
Microsoft Visual Studio Solution File, Format Version 12.00
# Visual Studio Version 17
VisualStudioVersion = 17.4.33213.308
MinimumVisualStudioVersion = 10.0.40219.1
Project("{FAE04EC0-301F-11D3-BF4B-00C04F79EFBC}") = "TestDbManyToMany", "TestDbManyToMany\TestDbManyToMany.csproj", "{1BEC049D-A0AF-4117-880A-24947FA75638}"
EndProject
Global
	GlobalSection(SolutionConfigurationPlatforms) = preSolution
		Debug|Any CPU = Debug|Any CPU
		Release|Any CPU = Release|Any CPU
	EndGlobalSection
	GlobalSection(ProjectConfigurationPlatforms) = postSolution
		{1BEC049D-A0AF-4117-880A-24947FA75638}.Debug|Any CPU.ActiveCfg = Debug|Any CPU
		{1BEC049D-A0AF-4117-880A-24947FA75638}.Debug|Any CPU.Build.0 = Debug|Any CPU
		{1BEC049D-A0AF-4117-880A-24947FA75638}.Release|Any CPU.ActiveCfg = Release|Any CPU
		{1BEC049D-A0AF-4117-880A-24947FA75638}.Release|Any CPU.Build.0 = Release|Any CPU
	EndGlobalSection
	GlobalSection(SolutionProperties) = preSolution
		HideSolutionNode = FALSE
	EndGlobalSection
	GlobalSection(ExtensibilityGlobals) = postSolution
		SolutionGuid = {8A5EDE48-8288-4DFA-AB8D-1F30989E856F}
	EndGlobalSection
EndGlobal
